
Microsoft Visual Studio Solution File, Format Version 12.00
# Visual Studio Version 17
VisualStudioVersion = 17.2.32616.157
MinimumVisualStudioVersion = 10.0.40219.1
Project("{FAE04EC0-301F-11D3-BF4B-00C04F79EFBC}") = "MyDatabase", "MyDatabase\MyDatabase.csproj", "{FFC6DB32-5EA6-4D94-8ED7-A3AFE680539F}"
EndProject
Project("{FAE04EC0-301F-11D3-BF4B-00C04F79EFBC}") = "Entity", "Entity\Entity.csproj", "{88B18944-80C4-43C4-BC39-3159E117C520}"
EndProject
Project("{FAE04EC0-301F-11D3-BF4B-00C04F79EFBC}") = "Repository", "Repository\Repository.csproj", "{14A09CE3-1981-4F8A-B045-71CBB9ED68EC}"
EndProject
Project("{FAE04EC0-301F-11D3-BF4B-00C04F79EFBC}") = "WebSecretary", "WebSecretary\WebSecretary.csproj", "{9F5A0A56-043B-4A1F-B9DB-0EEAC6670355}"
EndProject
Global
	GlobalSection(SolutionConfigurationPlatforms) = preSolution
		Debug|Any CPU = Debug|Any CPU
		Release|Any CPU = Release|Any CPU
	EndGlobalSection
	GlobalSection(ProjectConfigurationPlatforms) = postSolution
		{FFC6DB32-5EA6-4D94-8ED7-A3AFE680539F}.Debug|Any CPU.ActiveCfg = Debug|Any CPU
		{FFC6DB32-5EA6-4D94-8ED7-A3AFE680539F}.Debug|Any CPU.Build.0 = Debug|Any CPU
		{FFC6DB32-5EA6-4D94-8ED7-A3AFE680539F}.Release|Any CPU.ActiveCfg = Release|Any CPU
		{FFC6DB32-5EA6-4D94-8ED7-A3AFE680539F}.Release|Any CPU.Build.0 = Release|Any CPU
		{88B18944-80C4-43C4-BC39-3159E117C520}.Debug|Any CPU.ActiveCfg = Debug|Any CPU
		{88B18944-80C4-43C4-BC39-3159E117C520}.Debug|Any CPU.Build.0 = Debug|Any CPU
		{88B18944-80C4-43C4-BC39-3159E117C520}.Release|Any CPU.ActiveCfg = Release|Any CPU
		{88B18944-80C4-43C4-BC39-3159E117C520}.Release|Any CPU.Build.0 = Release|Any CPU
		{14A09CE3-1981-4F8A-B045-71CBB9ED68EC}.Debug|Any CPU.ActiveCfg = Debug|Any CPU
		{14A09CE3-1981-4F8A-B045-71CBB9ED68EC}.Debug|Any CPU.Build.0 = Debug|Any CPU
		{14A09CE3-1981-4F8A-B045-71CBB9ED68EC}.Release|Any CPU.ActiveCfg = Release|Any CPU
		{14A09CE3-1981-4F8A-B045-71CBB9ED68EC}.Release|Any CPU.Build.0 = Release|Any CPU
		{9F5A0A56-043B-4A1F-B9DB-0EEAC6670355}.Debug|Any CPU.ActiveCfg = Debug|Any CPU
		{9F5A0A56-043B-4A1F-B9DB-0EEAC6670355}.Debug|Any CPU.Build.0 = Debug|Any CPU
		{9F5A0A56-043B-4A1F-B9DB-0EEAC6670355}.Release|Any CPU.ActiveCfg = Release|Any CPU
		{9F5A0A56-043B-4A1F-B9DB-0EEAC6670355}.Release|Any CPU.Build.0 = Release|Any CPU
	EndGlobalSection
	GlobalSection(SolutionProperties) = preSolution
		HideSolutionNode = FALSE
	EndGlobalSection
	GlobalSection(ExtensibilityGlobals) = postSolution
		SolutionGuid = {F8EEC1D0-372C-45C1-B91B-D1BD0FCA4398}
	EndGlobalSection
EndGlobal
